
Microsoft Visual Studio Solution File, Format Version 12.00
# Visual Studio Version 16
VisualStudioVersion = 16.0.31129.286
MinimumVisualStudioVersion = 10.0.40219.1
Project("{9A19103F-16F7-4668-BE54-9A1E7A4F7556}") = "ServerAppClient", "ServerAppClient\ServerAppClient.csproj", "{B393616F-F9FD-439F-89C9-DFE2D7817928}"
EndProject
Project("{FAE04EC0-301F-11D3-BF4B-00C04F79EFBC}") = "ServerAppClient.Infrastructure", "ServerAppClient.Infrastructure\ServerAppClient.Infrastructure.csproj", "{5356FAC5-CC20-493E-B707-53F7EC11059B}"
EndProject
Project("{FAE04EC0-301F-11D3-BF4B-00C04F79EFBC}") = "ServerAppClient.Core", "ServerAppClient.Core\ServerAppClient.Core.csproj", "{D8F6D9D9-CDF8-40FC-B214-D0FF531BA02E}"
EndProject
Global
	GlobalSection(SolutionConfigurationPlatforms) = preSolution
		Debug|Any CPU = Debug|Any CPU
		Release|Any CPU = Release|Any CPU
	EndGlobalSection
	GlobalSection(ProjectConfigurationPlatforms) = postSolution
		{B393616F-F9FD-439F-89C9-DFE2D7817928}.Debug|Any CPU.ActiveCfg = Debug|Any CPU
		{B393616F-F9FD-439F-89C9-DFE2D7817928}.Debug|Any CPU.Build.0 = Debug|Any CPU
		{B393616F-F9FD-439F-89C9-DFE2D7817928}.Release|Any CPU.ActiveCfg = Release|Any CPU
		{B393616F-F9FD-439F-89C9-DFE2D7817928}.Release|Any CPU.Build.0 = Release|Any CPU
		{5356FAC5-CC20-493E-B707-53F7EC11059B}.Debug|Any CPU.ActiveCfg = Debug|Any CPU
		{5356FAC5-CC20-493E-B707-53F7EC11059B}.Debug|Any CPU.Build.0 = Debug|Any CPU
		{5356FAC5-CC20-493E-B707-53F7EC11059B}.Release|Any CPU.ActiveCfg = Release|Any CPU
		{5356FAC5-CC20-493E-B707-53F7EC11059B}.Release|Any CPU.Build.0 = Release|Any CPU
		{D8F6D9D9-CDF8-40FC-B214-D0FF531BA02E}.Debug|Any CPU.ActiveCfg = Debug|Any CPU
		{D8F6D9D9-CDF8-40FC-B214-D0FF531BA02E}.Debug|Any CPU.Build.0 = Debug|Any CPU
		{D8F6D9D9-CDF8-40FC-B214-D0FF531BA02E}.Release|Any CPU.ActiveCfg = Release|Any CPU
		{D8F6D9D9-CDF8-40FC-B214-D0FF531BA02E}.Release|Any CPU.Build.0 = Release|Any CPU
	EndGlobalSection
	GlobalSection(SolutionProperties) = preSolution
		HideSolutionNode = FALSE
	EndGlobalSection
	GlobalSection(ExtensibilityGlobals) = postSolution
		SolutionGuid = {6536FACA-C8AF-49D6-8606-C8702104F873}
	EndGlobalSection
EndGlobal
